// !$*UTF8*$!
{
	archiveVersion = 1;
	classes = {
	};
	objectVersion = 60;
	objects = {

/* Begin PBXBuildFile section */
		154AD4A12C33E06F009902CF /* WeatherApp.swift in Sources */ = {isa = PBXBuildFile; fileRef = 154AD4A02C33E06F009902CF /* WeatherApp.swift */; };
		154AD4A32C33E06F009902CF /* ContentView.swift in Sources */ = {isa = PBXBuildFile; fileRef = 154AD4A22C33E06F009902CF /* ContentView.swift */; };
		154AD4A82C33E071009902CF /* Preview Assets.xcassets in Resources */ = {isa = PBXBuildFile; fileRef = 154AD4A72C33E071009902CF /* Preview Assets.xcassets */; };
		154AD4B02C33E337009902CF /* LocationManager.swift in Sources */ = {isa = PBXBuildFile; fileRef = 154AD4AF2C33E322009902CF /* LocationManager.swift */; };
		154AD4B52C33E5B4009902CF /* WelcomeView.swift in Sources */ = {isa = PBXBuildFile; fileRef = 154AD4B42C33E5B4009902CF /* WelcomeView.swift */; };
		154AD4B72C33E9A7009902CF /* LoadingView.swift in Sources */ = {isa = PBXBuildFile; fileRef = 154AD4B62C33E9A7009902CF /* LoadingView.swift */; };
		154AD4B92C33F1EB009902CF /* WeatherManager.swift in Sources */ = {isa = PBXBuildFile; fileRef = 154AD4B82C33F1E0009902CF /* WeatherManager.swift */; };
		154AD4BB2C3401A0009902CF /* WeatherView.swift in Sources */ = {isa = PBXBuildFile; fileRef = 154AD4BA2C3401A0009902CF /* WeatherView.swift */; };
		154AD4CD2C343EEA009902CF /* Assets.xcassets in Resources */ = {isa = PBXBuildFile; fileRef = 154AD4CC2C343EEA009902CF /* Assets.xcassets */; };
		154AD4D72C348B4F009902CF /* Double+RoundedCorner.swift in Sources */ = {isa = PBXBuildFile; fileRef = 154AD4D62C348B3F009902CF /* Double+RoundedCorner.swift */; };
		154AD4D92C348BD3009902CF /* View.swift in Sources */ = {isa = PBXBuildFile; fileRef = 154AD4D82C348BCE009902CF /* View.swift */; };
		154AD4DB2C349267009902CF /* ColorManager.swift in Sources */ = {isa = PBXBuildFile; fileRef = 154AD4DA2C349259009902CF /* ColorManager.swift */; };
		154AD4DD2C34A87D009902CF /* Launch Screen.storyboard in Resources */ = {isa = PBXBuildFile; fileRef = 154AD4DC2C34A87D009902CF /* Launch Screen.storyboard */; };
		15617B4B2C36A7BE00020444 /* UrlManager.swift in Sources */ = {isa = PBXBuildFile; fileRef = 15617B4A2C36A7B600020444 /* UrlManager.swift */; };
		158B21712C357C76009AF8E6 /* SunriseManager.swift in Sources */ = {isa = PBXBuildFile; fileRef = 158B21702C357C6E009AF8E6 /* SunriseManager.swift */; };
		15D28DB42C3734170059F04C /* SelectCityView.swift in Sources */ = {isa = PBXBuildFile; fileRef = 15D28DB32C3734170059F04C /* SelectCityView.swift */; };
		15F46B752C3AE1BD00AB136B /* SettingsView.swift in Sources */ = {isa = PBXBuildFile; fileRef = 15F46B742C3AE1BD00AB136B /* SettingsView.swift */; };
/* End PBXBuildFile section */

/* Begin PBXFileReference section */
		154AD49D2C33E06F009902CF /* Weather.app */ = {isa = PBXFileReference; explicitFileType = wrapper.application; includeInIndex = 0; path = Weather.app; sourceTree = BUILT_PRODUCTS_DIR; };
		154AD4A02C33E06F009902CF /* WeatherApp.swift */ = {isa = PBXFileReference; lastKnownFileType = sourcecode.swift; path = WeatherApp.swift; sourceTree = "<group>"; };
		154AD4A22C33E06F009902CF /* ContentView.swift */ = {isa = PBXFileReference; lastKnownFileType = sourcecode.swift; path = ContentView.swift; sourceTree = "<group>"; };
		154AD4A72C33E071009902CF /* Preview Assets.xcassets */ = {isa = PBXFileReference; lastKnownFileType = folder.assetcatalog; path = "Preview Assets.xcassets"; sourceTree = "<group>"; };
		154AD4AF2C33E322009902CF /* LocationManager.swift */ = {isa = PBXFileReference; lastKnownFileType = sourcecode.swift; path = LocationManager.swift; sourceTree = "<group>"; };
		154AD4B42C33E5B4009902CF /* WelcomeView.swift */ = {isa = PBXFileReference; lastKnownFileType = sourcecode.swift; path = WelcomeView.swift; sourceTree = "<group>"; };
		154AD4B62C33E9A7009902CF /* LoadingView.swift */ = {isa = PBXFileReference; lastKnownFileType = sourcecode.swift; path = LoadingView.swift; sourceTree = "<group>"; };
		154AD4B82C33F1E0009902CF /* WeatherManager.swift */ = {isa = PBXFileReference; lastKnownFileType = sourcecode.swift; path = WeatherManager.swift; sourceTree = "<group>"; };
		154AD4BA2C3401A0009902CF /* WeatherView.swift */ = {isa = PBXFileReference; lastKnownFileType = sourcecode.swift; path = WeatherView.swift; sourceTree = "<group>"; };
		154AD4CC2C343EEA009902CF /* Assets.xcassets */ = {isa = PBXFileReference; lastKnownFileType = folder.assetcatalog; name = Assets.xcassets; path = Weather/Assets.xcassets; sourceTree = SOURCE_ROOT; };
		154AD4D62C348B3F009902CF /* Double+RoundedCorner.swift */ = {isa = PBXFileReference; lastKnownFileType = sourcecode.swift; path = "Double+RoundedCorner.swift"; sourceTree = "<group>"; };
		154AD4D82C348BCE009902CF /* View.swift */ = {isa = PBXFileReference; lastKnownFileType = sourcecode.swift; path = View.swift; sourceTree = "<group>"; };
		154AD4DA2C349259009902CF /* ColorManager.swift */ = {isa = PBXFileReference; lastKnownFileType = sourcecode.swift; path = ColorManager.swift; sourceTree = "<group>"; };
		154AD4DC2C34A87D009902CF /* Launch Screen.storyboard */ = {isa = PBXFileReference; lastKnownFileType = file.storyboard; path = "Launch Screen.storyboard"; sourceTree = "<group>"; };
		15617B4A2C36A7B600020444 /* UrlManager.swift */ = {isa = PBXFileReference; lastKnownFileType = sourcecode.swift; path = UrlManager.swift; sourceTree = "<group>"; };
		158B21702C357C6E009AF8E6 /* SunriseManager.swift */ = {isa = PBXFileReference; lastKnownFileType = sourcecode.swift; path = SunriseManager.swift; sourceTree = "<group>"; };
		15D28DB32C3734170059F04C /* SelectCityView.swift */ = {isa = PBXFileReference; lastKnownFileType = sourcecode.swift; path = SelectCityView.swift; sourceTree = "<group>"; };
		15F46B742C3AE1BD00AB136B /* SettingsView.swift */ = {isa = PBXFileReference; lastKnownFileType = sourcecode.swift; path = SettingsView.swift; sourceTree = "<group>"; };
/* End PBXFileReference section */

/* Begin PBXFrameworksBuildPhase section */
		154AD49A2C33E06F009902CF /* Frameworks */ = {
			isa = PBXFrameworksBuildPhase;
			buildActionMask = 2147483647;
			files = (
			);
			runOnlyForDeploymentPostprocessing = 0;
		};
/* End PBXFrameworksBuildPhase section */

/* Begin PBXGroup section */
		154AD4942C33E06F009902CF = {
			isa = PBXGroup;
			children = (
				154AD49F2C33E06F009902CF /* Weather */,
				154AD49E2C33E06F009902CF /* Products */,
			);
			sourceTree = "<group>";
		};
		154AD49E2C33E06F009902CF /* Products */ = {
			isa = PBXGroup;
			children = (
				154AD49D2C33E06F009902CF /* Weather.app */,
			);
			name = Products;
			sourceTree = "<group>";
		};
		154AD49F2C33E06F009902CF /* Weather */ = {
			isa = PBXGroup;
			children = (
				154AD4A02C33E06F009902CF /* WeatherApp.swift */,
				154AD4B12C33E51E009902CF /* Views */,
				154AD4AE2C33E30D009902CF /* Managers */,
				154AD4D52C348AFB009902CF /* Extensions */,
				154AD4A62C33E071009902CF /* Preview Content */,
			);
			path = Weather;
			sourceTree = "<group>";
		};
		154AD4A62C33E071009902CF /* Preview Content */ = {
			isa = PBXGroup;
			children = (
				154AD4A72C33E071009902CF /* Preview Assets.xcassets */,
			);
			path = "Preview Content";
			sourceTree = "<group>";
		};
		154AD4AE2C33E30D009902CF /* Managers */ = {
			isa = PBXGroup;
			children = (
				15617B4A2C36A7B600020444 /* UrlManager.swift */,
				158B21702C357C6E009AF8E6 /* SunriseManager.swift */,
				154AD4DA2C349259009902CF /* ColorManager.swift */,
				154AD4B82C33F1E0009902CF /* WeatherManager.swift */,
				154AD4AF2C33E322009902CF /* LocationManager.swift */,
			);
			path = Managers;
			sourceTree = "<group>";
		};
		154AD4B12C33E51E009902CF /* Views */ = {
			isa = PBXGroup;
			children = (
				154AD4A22C33E06F009902CF /* ContentView.swift */,
				154AD4B42C33E5B4009902CF /* WelcomeView.swift */,
				154AD4B62C33E9A7009902CF /* LoadingView.swift */,
				154AD4BA2C3401A0009902CF /* WeatherView.swift */,
				15D28DB32C3734170059F04C /* SelectCityView.swift */,
				154AD4CC2C343EEA009902CF /* Assets.xcassets */,
				154AD4DC2C34A87D009902CF /* Launch Screen.storyboard */,
				15F46B742C3AE1BD00AB136B /* SettingsView.swift */,
			);
			path = Views;
			sourceTree = "<group>";
		};
		154AD4D52C348AFB009902CF /* Extensions */ = {
			isa = PBXGroup;
			children = (
				154AD4D82C348BCE009902CF /* View.swift */,
				154AD4D62C348B3F009902CF /* Double+RoundedCorner.swift */,
			);
			path = Extensions;
			sourceTree = "<group>";
		};
/* End PBXGroup section */

/* Begin PBXNativeTarget section */
		154AD49C2C33E06F009902CF /* Weather */ = {
			isa = PBXNativeTarget;
			buildConfigurationList = 154AD4AB2C33E071009902CF /* Build configuration list for PBXNativeTarget "Weather" */;
			buildPhases = (
				154AD4992C33E06F009902CF /* Sources */,
				154AD49A2C33E06F009902CF /* Frameworks */,
				154AD49B2C33E06F009902CF /* Resources */,
				1566DA132C36C04300C29A39 /* ShellScript */,
			);
			buildRules = (
			);
			dependencies = (
				1566DA122C36BBD200C29A39 /* PBXTargetDependency */,
			);
			name = Weather;
			packageProductDependencies = (
			);
			productName = Weather;
			productReference = 154AD49D2C33E06F009902CF /* Weather.app */;
			productType = "com.apple.product-type.application";
		};
/* End PBXNativeTarget section */

/* Begin PBXProject section */
		154AD4952C33E06F009902CF /* Project object */ = {
			isa = PBXProject;
			attributes = {
				BuildIndependentTargetsInParallel = 1;
				LastSwiftUpdateCheck = 1600;
				LastUpgradeCheck = 1600;
				TargetAttributes = {
					154AD49C2C33E06F009902CF = {
						CreatedOnToolsVersion = 16.0;
					};
				};
			};
			buildConfigurationList = 154AD4982C33E06F009902CF /* Build configuration list for PBXProject "Weather" */;
			compatibilityVersion = "Xcode 15.0";
			developmentRegion = en;
			hasScannedForEncodings = 0;
			knownRegions = (
				en,
				Base,
			);
			mainGroup = 154AD4942C33E06F009902CF;
			packageReferences = (
				1566DA0E2C36BBC200C29A39 /* XCRemoteSwiftPackageReference "SwiftLint" */,
			);
			productRefGroup = 154AD49E2C33E06F009902CF /* Products */;
			projectDirPath = "";
			projectRoot = "";
			targets = (
				154AD49C2C33E06F009902CF /* Weather */,
			);
		};
/* End PBXProject section */

/* Begin PBXResourcesBuildPhase section */
		154AD49B2C33E06F009902CF /* Resources */ = {
			isa = PBXResourcesBuildPhase;
			buildActionMask = 2147483647;
			files = (
				154AD4DD2C34A87D009902CF /* Launch Screen.storyboard in Resources */,
				154AD4CD2C343EEA009902CF /* Assets.xcassets in Resources */,
				154AD4A82C33E071009902CF /* Preview Assets.xcassets in Resources */,
			);
			runOnlyForDeploymentPostprocessing = 0;
		};
/* End PBXResourcesBuildPhase section */

/* Begin PBXShellScriptBuildPhase section */
		1566DA132C36C04300C29A39 /* ShellScript */ = {
			isa = PBXShellScriptBuildPhase;
			buildActionMask = 2147483647;
			files = (
			);
			inputFileListPaths = (
			);
			inputPaths = (
			);
			outputFileListPaths = (
			);
			outputPaths = (
			);
			runOnlyForDeploymentPostprocessing = 0;
			shellPath = /bin/sh;
			shellScript = "# Type a script or drag a script file from your workspace to insert its path.\n";
		};
/* End PBXShellScriptBuildPhase section */

/* Begin PBXSourcesBuildPhase section */
		154AD4992C33E06F009902CF /* Sources */ = {
			isa = PBXSourcesBuildPhase;
			buildActionMask = 2147483647;
			files = (
				154AD4B92C33F1EB009902CF /* WeatherManager.swift in Sources */,
				154AD4DB2C349267009902CF /* ColorManager.swift in Sources */,
				15D28DB42C3734170059F04C /* SelectCityView.swift in Sources */,
				158B21712C357C76009AF8E6 /* SunriseManager.swift in Sources */,
				154AD4A32C33E06F009902CF /* ContentView.swift in Sources */,
				154AD4D92C348BD3009902CF /* View.swift in Sources */,
				154AD4A12C33E06F009902CF /* WeatherApp.swift in Sources */,
				15F46B752C3AE1BD00AB136B /* SettingsView.swift in Sources */,
				154AD4B02C33E337009902CF /* LocationManager.swift in Sources */,
				154AD4B72C33E9A7009902CF /* LoadingView.swift in Sources */,
				154AD4BB2C3401A0009902CF /* WeatherView.swift in Sources */,
				15617B4B2C36A7BE00020444 /* UrlManager.swift in Sources */,
				154AD4D72C348B4F009902CF /* Double+RoundedCorner.swift in Sources */,
				154AD4B52C33E5B4009902CF /* WelcomeView.swift in Sources */,
			);
			runOnlyForDeploymentPostprocessing = 0;
		};
/* End PBXSourcesBuildPhase section */

/* Begin PBXTargetDependency section */
		1566DA122C36BBD200C29A39 /* PBXTargetDependency */ = {
			isa = PBXTargetDependency;
			productRef = 1566DA112C36BBD200C29A39 /* SwiftLintBuildToolPlugin */;
		};
/* End PBXTargetDependency section */

/* Begin XCBuildConfiguration section */
		154AD4A92C33E071009902CF /* Debug */ = {
			isa = XCBuildConfiguration;
			buildSettings = {
				ALWAYS_SEARCH_USER_PATHS = NO;
				ASSETCATALOG_COMPILER_GENERATE_SWIFT_ASSET_SYMBOL_EXTENSIONS = YES;
				CLANG_ANALYZER_NONNULL = YES;
				CLANG_ANALYZER_NUMBER_OBJECT_CONVERSION = YES_AGGRESSIVE;
				CLANG_CXX_LANGUAGE_STANDARD = "gnu++20";
				CLANG_ENABLE_MODULES = YES;
				CLANG_ENABLE_OBJC_ARC = YES;
				CLANG_ENABLE_OBJC_WEAK = YES;
				CLANG_WARN_BLOCK_CAPTURE_AUTORELEASING = YES;
				CLANG_WARN_BOOL_CONVERSION = YES;
				CLANG_WARN_COMMA = YES;
				CLANG_WARN_CONSTANT_CONVERSION = YES;
				CLANG_WARN_DEPRECATED_OBJC_IMPLEMENTATIONS = YES;
				CLANG_WARN_DIRECT_OBJC_ISA_USAGE = YES_ERROR;
				CLANG_WARN_DOCUMENTATION_COMMENTS = YES;
				CLANG_WARN_EMPTY_BODY = YES;
				CLANG_WARN_ENUM_CONVERSION = YES;
				CLANG_WARN_INFINITE_RECURSION = YES;
				CLANG_WARN_INT_CONVERSION = YES;
				CLANG_WARN_NON_LITERAL_NULL_CONVERSION = YES;
				CLANG_WARN_OBJC_IMPLICIT_RETAIN_SELF = YES;
				CLANG_WARN_OBJC_LITERAL_CONVERSION = YES;
				CLANG_WARN_OBJC_ROOT_CLASS = YES_ERROR;
				CLANG_WARN_QUOTED_INCLUDE_IN_FRAMEWORK_HEADER = YES;
				CLANG_WARN_RANGE_LOOP_ANALYSIS = YES;
				CLANG_WARN_STRICT_PROTOTYPES = YES;
				CLANG_WARN_SUSPICIOUS_MOVE = YES;
				CLANG_WARN_UNGUARDED_AVAILABILITY = YES_AGGRESSIVE;
				CLANG_WARN_UNREACHABLE_CODE = YES;
				CLANG_WARN__DUPLICATE_METHOD_MATCH = YES;
				COPY_PHASE_STRIP = NO;
				DEBUG_INFORMATION_FORMAT = dwarf;
				ENABLE_STRICT_OBJC_MSGSEND = YES;
				ENABLE_TESTABILITY = YES;
				ENABLE_USER_SCRIPT_SANDBOXING = YES;
				GCC_C_LANGUAGE_STANDARD = gnu17;
				GCC_DYNAMIC_NO_PIC = NO;
				GCC_NO_COMMON_BLOCKS = YES;
				GCC_OPTIMIZATION_LEVEL = 0;
				GCC_PREPROCESSOR_DEFINITIONS = (
					"DEBUG=1",
					"$(inherited)",
				);
				GCC_WARN_64_TO_32_BIT_CONVERSION = YES;
				GCC_WARN_ABOUT_RETURN_TYPE = YES_ERROR;
				GCC_WARN_UNDECLARED_SELECTOR = YES;
				GCC_WARN_UNINITIALIZED_AUTOS = YES_AGGRESSIVE;
				GCC_WARN_UNUSED_FUNCTION = YES;
				GCC_WARN_UNUSED_VARIABLE = YES;
				IPHONEOS_DEPLOYMENT_TARGET = 18.0;
				LOCALIZATION_PREFERS_STRING_CATALOGS = YES;
				MTL_ENABLE_DEBUG_INFO = INCLUDE_SOURCE;
				MTL_FAST_MATH = YES;
				ONLY_ACTIVE_ARCH = YES;
				SDKROOT = iphoneos;
				SWIFT_ACTIVE_COMPILATION_CONDITIONS = "DEBUG $(inherited)";
				SWIFT_OPTIMIZATION_LEVEL = "-Onone";
			};
			name = Debug;
		};
		154AD4AA2C33E071009902CF /* Release */ = {
			isa = XCBuildConfiguration;
			buildSettings = {
				ALWAYS_SEARCH_USER_PATHS = NO;
				ASSETCATALOG_COMPILER_GENERATE_SWIFT_ASSET_SYMBOL_EXTENSIONS = YES;
				CLANG_ANALYZER_NONNULL = YES;
				CLANG_ANALYZER_NUMBER_OBJECT_CONVERSION = YES_AGGRESSIVE;
				CLANG_CXX_LANGUAGE_STANDARD = "gnu++20";
				CLANG_ENABLE_MODULES = YES;
				CLANG_ENABLE_OBJC_ARC = YES;
				CLANG_ENABLE_OBJC_WEAK = YES;
				CLANG_WARN_BLOCK_CAPTURE_AUTORELEASING = YES;
				CLANG_WARN_BOOL_CONVERSION = YES;
				CLANG_WARN_COMMA = YES;
				CLANG_WARN_CONSTANT_CONVERSION = YES;
				CLANG_WARN_DEPRECATED_OBJC_IMPLEMENTATIONS = YES;
				CLANG_WARN_DIRECT_OBJC_ISA_USAGE = YES_ERROR;
				CLANG_WARN_DOCUMENTATION_COMMENTS = YES;
				CLANG_WARN_EMPTY_BODY = YES;
				CLANG_WARN_ENUM_CONVERSION = YES;
				CLANG_WARN_INFINITE_RECURSION = YES;
				CLANG_WARN_INT_CONVERSION = YES;
				CLANG_WARN_NON_LITERAL_NULL_CONVERSION = YES;
				CLANG_WARN_OBJC_IMPLICIT_RETAIN_SELF = YES;
				CLANG_WARN_OBJC_LITERAL_CONVERSION = YES;
				CLANG_WARN_OBJC_ROOT_CLASS = YES_ERROR;
				CLANG_WARN_QUOTED_INCLUDE_IN_FRAMEWORK_HEADER = YES;
				CLANG_WARN_RANGE_LOOP_ANALYSIS = YES;
				CLANG_WARN_STRICT_PROTOTYPES = YES;
				CLANG_WARN_SUSPICIOUS_MOVE = YES;
				CLANG_WARN_UNGUARDED_AVAILABILITY = YES_AGGRESSIVE;
				CLANG_WARN_UNREACHABLE_CODE = YES;
				CLANG_WARN__DUPLICATE_METHOD_MATCH = YES;
				COPY_PHASE_STRIP = NO;
				DEBUG_INFORMATION_FORMAT = "dwarf-with-dsym";
				ENABLE_NS_ASSERTIONS = NO;
				ENABLE_STRICT_OBJC_MSGSEND = YES;
				ENABLE_USER_SCRIPT_SANDBOXING = YES;
				GCC_C_LANGUAGE_STANDARD = gnu17;
				GCC_NO_COMMON_BLOCKS = YES;
				GCC_WARN_64_TO_32_BIT_CONVERSION = YES;
				GCC_WARN_ABOUT_RETURN_TYPE = YES_ERROR;
				GCC_WARN_UNDECLARED_SELECTOR = YES;
				GCC_WARN_UNINITIALIZED_AUTOS = YES_AGGRESSIVE;
				GCC_WARN_UNUSED_FUNCTION = YES;
				GCC_WARN_UNUSED_VARIABLE = YES;
				IPHONEOS_DEPLOYMENT_TARGET = 18.0;
				LOCALIZATION_PREFERS_STRING_CATALOGS = YES;
				MTL_ENABLE_DEBUG_INFO = NO;
				MTL_FAST_MATH = YES;
				SDKROOT = iphoneos;
				SWIFT_COMPILATION_MODE = wholemodule;
				VALIDATE_PRODUCT = YES;
			};
			name = Release;
		};
		154AD4AC2C33E071009902CF /* Debug */ = {
			isa = XCBuildConfiguration;
			buildSettings = {
				ASSETCATALOG_COMPILER_APPICON_NAME = AppIcon;
				ASSETCATALOG_COMPILER_GLOBAL_ACCENT_COLOR_NAME = AccentColor;
				CODE_SIGN_STYLE = Automatic;
				CURRENT_PROJECT_VERSION = 1;
				DEVELOPMENT_ASSET_PATHS = "\"Weather/Preview Content\"";
				DEVELOPMENT_TEAM = W47PP4T637;
				ENABLE_PREVIEWS = YES;
				GENERATE_INFOPLIST_FILE = YES;
				INFOPLIST_KEY_LSApplicationCategoryType = "public.app-category.weather";
				INFOPLIST_KEY_UIApplicationSceneManifest_Generation = YES;
				INFOPLIST_KEY_UIApplicationSupportsIndirectInputEvents = YES;
				INFOPLIST_KEY_UILaunchScreen_Generation = YES;
				INFOPLIST_KEY_UILaunchStoryboardName = "Launch Screen.storyboard";
				INFOPLIST_KEY_UISupportedInterfaceOrientations = UIInterfaceOrientationPortrait;
				INFOPLIST_KEY_UISupportedInterfaceOrientations_iPad = "UIInterfaceOrientationLandscapeLeft UIInterfaceOrientationLandscapeRight UIInterfaceOrientationPortrait UIInterfaceOrientationPortraitUpsideDown";
				IPHONEOS_DEPLOYMENT_TARGET = 15.0;
				LD_RUNPATH_SEARCH_PATHS = (
					"$(inherited)",
					"@executable_path/Frameworks",
				);
				MARKETING_VERSION = 1.0;
				PRODUCT_BUNDLE_IDENTIFIER = Woullocke.Weather;
				PRODUCT_NAME = "$(TARGET_NAME)";
				SWIFT_EMIT_LOC_STRINGS = YES;
				SWIFT_VERSION = 5.0;
				TARGETED_DEVICE_FAMILY = "1,2";
			};
			name = Debug;
		};
		154AD4AD2C33E071009902CF /* Release */ = {
			isa = XCBuildConfiguration;
			buildSettings = {
				ASSETCATALOG_COMPILER_APPICON_NAME = AppIcon;
				ASSETCATALOG_COMPILER_GLOBAL_ACCENT_COLOR_NAME = AccentColor;
				CODE_SIGN_STYLE = Automatic;
				CURRENT_PROJECT_VERSION = 1;
				DEVELOPMENT_ASSET_PATHS = "\"Weather/Preview Content\"";
				DEVELOPMENT_TEAM = W47PP4T637;
				ENABLE_PREVIEWS = YES;
				GENERATE_INFOPLIST_FILE = YES;
				INFOPLIST_KEY_LSApplicationCategoryType = "public.app-category.weather";
				INFOPLIST_KEY_UIApplicationSceneManifest_Generation = YES;
				INFOPLIST_KEY_UIApplicationSupportsIndirectInputEvents = YES;
				INFOPLIST_KEY_UILaunchScreen_Generation = YES;
				INFOPLIST_KEY_UILaunchStoryboardName = "Launch Screen.storyboard";
				INFOPLIST_KEY_UISupportedInterfaceOrientations = UIInterfaceOrientationPortrait;
				INFOPLIST_KEY_UISupportedInterfaceOrientations_iPad = "UIInterfaceOrientationLandscapeLeft UIInterfaceOrientationLandscapeRight UIInterfaceOrientationPortrait UIInterfaceOrientationPortraitUpsideDown";
				IPHONEOS_DEPLOYMENT_TARGET = 15.0;
				LD_RUNPATH_SEARCH_PATHS = (
					"$(inherited)",
					"@executable_path/Frameworks",
				);
				MARKETING_VERSION = 1.0;
				PRODUCT_BUNDLE_IDENTIFIER = Woullocke.Weather;
				PRODUCT_NAME = "$(TARGET_NAME)";
				SWIFT_EMIT_LOC_STRINGS = YES;
				SWIFT_VERSION = 5.0;
				TARGETED_DEVICE_FAMILY = "1,2";
			};
			name = Release;
		};
/* End XCBuildConfiguration section */

/* Begin XCConfigurationList section */
		154AD4982C33E06F009902CF /* Build configuration list for PBXProject "Weather" */ = {
			isa = XCConfigurationList;
			buildConfigurations = (
				154AD4A92C33E071009902CF /* Debug */,
				154AD4AA2C33E071009902CF /* Release */,
			);
			defaultConfigurationIsVisible = 0;
			defaultConfigurationName = Release;
		};
		154AD4AB2C33E071009902CF /* Build configuration list for PBXNativeTarget "Weather" */ = {
			isa = XCConfigurationList;
			buildConfigurations = (
				154AD4AC2C33E071009902CF /* Debug */,
				154AD4AD2C33E071009902CF /* Release */,
			);
			defaultConfigurationIsVisible = 0;
			defaultConfigurationName = Release;
		};
/* End XCConfigurationList section */

/* Begin XCRemoteSwiftPackageReference section */
		1566DA0E2C36BBC200C29A39 /* XCRemoteSwiftPackageReference "SwiftLint" */ = {
			isa = XCRemoteSwiftPackageReference;
			repositoryURL = "https://github.com/realm/SwiftLint";
			requirement = {
				kind = upToNextMajorVersion;
				minimumVersion = 0.55.1;
			};
		};
/* End XCRemoteSwiftPackageReference section */

/* Begin XCSwiftPackageProductDependency section */
		1566DA112C36BBD200C29A39 /* SwiftLintBuildToolPlugin */ = {
			isa = XCSwiftPackageProductDependency;
			package = 1566DA0E2C36BBC200C29A39 /* XCRemoteSwiftPackageReference "SwiftLint" */;
			productName = "plugin:SwiftLintBuildToolPlugin";
		};
/* End XCSwiftPackageProductDependency section */
	};
	rootObject = 154AD4952C33E06F009902CF /* Project object */;
}
